
Microsoft Visual Studio Solution File, Format Version 12.00
# Visual Studio Version 16
VisualStudioVersion = 16.0.28803.202
MinimumVisualStudioVersion = 10.0.40219.1
Project("{FAE04EC0-301F-11D3-BF4B-00C04F79EFBC}") = "BethanysPieShop", "BethanysPieShop\BethanysPieShop.csproj", "{7A5BC35E-6289-4037-B276-9AE36DBF32A1}"
EndProject
Global
	GlobalSection(SolutionConfigurationPlatforms) = preSolution
		Debug|Any CPU = Debug|Any CPU
		Release|Any CPU = Release|Any CPU
	EndGlobalSection
	GlobalSection(ProjectConfigurationPlatforms) = postSolution
		{7A5BC35E-6289-4037-B276-9AE36DBF32A1}.Debug|Any CPU.ActiveCfg = Debug|Any CPU
		{7A5BC35E-6289-4037-B276-9AE36DBF32A1}.Debug|Any CPU.Build.0 = Debug|Any CPU
		{7A5BC35E-6289-4037-B276-9AE36DBF32A1}.Release|Any CPU.ActiveCfg = Release|Any CPU
		{7A5BC35E-6289-4037-B276-9AE36DBF32A1}.Release|Any CPU.Build.0 = Release|Any CPU
	EndGlobalSection
	GlobalSection(SolutionProperties) = preSolution
		HideSolutionNode = FALSE
	EndGlobalSection
	GlobalSection(ExtensibilityGlobals) = postSolution
		SolutionGuid = {08EB0F3D-7FE7-4E27-8ECC-2F74EF654CA1}
	EndGlobalSection
EndGlobal
